
Microsoft Visual Studio Solution File, Format Version 12.00
# Visual Studio Version 16
VisualStudioVersion = 16.0.29418.71
MinimumVisualStudioVersion = 10.0.40219.1
Project("{FAE04EC0-301F-11D3-BF4B-00C04F79EFBC}") = "TextRazor.Net", "TextRazor.Net\TextRazor.Net.csproj", "{DEECCAE7-C2A0-49FA-B1BC-3CB345686105}"
EndProject
Project("{FAE04EC0-301F-11D3-BF4B-00C04F79EFBC}") = "TextRazor.Net.Tests", "TextRazor.Net.Tests\TextRazor.Net.Tests.csproj", "{D1DB2DE1-F3AB-4634-BBAF-EE009E1FA003}"
EndProject
Global
	GlobalSection(SolutionConfigurationPlatforms) = preSolution
		Debug|Any CPU = Debug|Any CPU
		Release|Any CPU = Release|Any CPU
	EndGlobalSection
	GlobalSection(ProjectConfigurationPlatforms) = postSolution
		{DEECCAE7-C2A0-49FA-B1BC-3CB345686105}.Debug|Any CPU.ActiveCfg = Debug|Any CPU
		{DEECCAE7-C2A0-49FA-B1BC-3CB345686105}.Debug|Any CPU.Build.0 = Debug|Any CPU
		{DEECCAE7-C2A0-49FA-B1BC-3CB345686105}.Release|Any CPU.ActiveCfg = Release|Any CPU
		{DEECCAE7-C2A0-49FA-B1BC-3CB345686105}.Release|Any CPU.Build.0 = Release|Any CPU
		{D1DB2DE1-F3AB-4634-BBAF-EE009E1FA003}.Debug|Any CPU.ActiveCfg = Debug|Any CPU
		{D1DB2DE1-F3AB-4634-BBAF-EE009E1FA003}.Debug|Any CPU.Build.0 = Debug|Any CPU
		{D1DB2DE1-F3AB-4634-BBAF-EE009E1FA003}.Release|Any CPU.ActiveCfg = Release|Any CPU
		{D1DB2DE1-F3AB-4634-BBAF-EE009E1FA003}.Release|Any CPU.Build.0 = Release|Any CPU
	EndGlobalSection
	GlobalSection(SolutionProperties) = preSolution
		HideSolutionNode = FALSE
	EndGlobalSection
	GlobalSection(ExtensibilityGlobals) = postSolution
		SolutionGuid = {32014FCE-9041-4FDF-A482-BD67F0F0C121}
	EndGlobalSection
EndGlobal
